
Microsoft Visual Studio Solution File, Format Version 12.00
# Visual Studio 14
VisualStudioVersion = 14.0.25420.1
MinimumVisualStudioVersion = 10.0.40219.1
Project("{2150E333-8FDC-42A3-9474-1A3956D46DE8}") = "src", "src", "{50F82BD1-180E-4C31-A8C4-99AF1CE9876E}"
EndProject
Project("{2150E333-8FDC-42A3-9474-1A3956D46DE8}") = "Solution Items", "Solution Items", "{285A4717-01DE-48AA-A4BE-F94F0A69625E}"
	ProjectSection(SolutionItems) = preProject
		global.json = global.json
	EndProjectSection
EndProject
Project("{8BB2217D-0F2D-49D1-97BC-3654ED321F3B}") = "BugTracker", "src\BugTracker\BugTracker.xproj", "{7322ECF1-6ADF-457F-8D01-57DA81DC319D}"
EndProject
Global
	GlobalSection(SolutionConfigurationPlatforms) = preSolution
		Debug|Any CPU = Debug|Any CPU
		Release|Any CPU = Release|Any CPU
	EndGlobalSection
	GlobalSection(ProjectConfigurationPlatforms) = postSolution
		{7322ECF1-6ADF-457F-8D01-57DA81DC319D}.Debug|Any CPU.ActiveCfg = Debug|Any CPU
		{7322ECF1-6ADF-457F-8D01-57DA81DC319D}.Debug|Any CPU.Build.0 = Debug|Any CPU
		{7322ECF1-6ADF-457F-8D01-57DA81DC319D}.Release|Any CPU.ActiveCfg = Release|Any CPU
		{7322ECF1-6ADF-457F-8D01-57DA81DC319D}.Release|Any CPU.Build.0 = Release|Any CPU
	EndGlobalSection
	GlobalSection(SolutionProperties) = preSolution
		HideSolutionNode = FALSE
	EndGlobalSection
	GlobalSection(NestedProjects) = preSolution
		{7322ECF1-6ADF-457F-8D01-57DA81DC319D} = {50F82BD1-180E-4C31-A8C4-99AF1CE9876E}
	EndGlobalSection
EndGlobal
